
Microsoft Visual Studio Solution File, Format Version 12.00
# Visual Studio Version 16
VisualStudioVersion = 16.0.30517.126
MinimumVisualStudioVersion = 10.0.40219.1
Project("{F184B08F-C81C-45F6-A57F-5ABD9991F28F}") = "Vegetarian Specials", "Vegetarian Specials\Vegetarian Specials.vbproj", "{9580FE19-3F72-4CE6-8C43-2E06364E0198}"
EndProject
Global
	GlobalSection(SolutionConfigurationPlatforms) = preSolution
		Debug|Any CPU = Debug|Any CPU
		Release|Any CPU = Release|Any CPU
	EndGlobalSection
	GlobalSection(ProjectConfigurationPlatforms) = postSolution
		{9580FE19-3F72-4CE6-8C43-2E06364E0198}.Debug|Any CPU.ActiveCfg = Debug|Any CPU
		{9580FE19-3F72-4CE6-8C43-2E06364E0198}.Debug|Any CPU.Build.0 = Debug|Any CPU
		{9580FE19-3F72-4CE6-8C43-2E06364E0198}.Release|Any CPU.ActiveCfg = Release|Any CPU
		{9580FE19-3F72-4CE6-8C43-2E06364E0198}.Release|Any CPU.Build.0 = Release|Any CPU
	EndGlobalSection
	GlobalSection(SolutionProperties) = preSolution
		HideSolutionNode = FALSE
	EndGlobalSection
	GlobalSection(ExtensibilityGlobals) = postSolution
		SolutionGuid = {0D7D4AD8-66B1-4592-B693-E391190174C4}
	EndGlobalSection
EndGlobal
